<?xml version="1.0" encoding="utf-8"?>
<Project ToolsVersion="4.0" xmlns="http://schemas.microsoft.com/developer/msbuild/2003">
  <ItemGroup>
    <ClCompile Include="parser.cpp">
      <Filter>源文件</Filter>
    </ClCompile>
    <ClCompile Include="main.cpp">
      <Filter>源文件</Filter>
    </ClCompile>
    <ClCompile Include="scanner.cpp">
      <Filter>源文件</Filter>
    </ClCompile>
    <ClCompile Include="semantic.cpp">
      <Filter>源文件</Filter>
    </ClCompile>
  </ItemGroup>
  <ItemGroup>
    <ClInclude Include="parser.h">
      <Filter>头文件</Filter>
    </ClInclude>
    <ClInclude Include="scanner.h">
      <Filter>头文件</Filter>
    </ClInclude>
    <ClInclude Include="semantic.h">
      <Filter>头文件</Filter>
    </ClInclude>
  </ItemGroup>
  <ItemGroup>
    <Text Include="test.txt">
      <Filter>资源文件</Filter>
    </Text>
    <Text Include="test2.txt">
      <Filter>资源文件</Filter>
    </Text>
    <Text Include="test3.txt">
      <Filter>资源文件</Filter>
    </Text>
  </ItemGroup>
  <ItemGroup>
    <Filter Include="源文件">
      <UniqueIdentifier>{1709abeb-bde2-45be-b763-f1b443a6796d}</UniqueIdentifier>
    </Filter>
    <Filter Include="头文件">
      <UniqueIdentifier>{5c9979df-6ccf-42d0-a464-3eacfc9e24c9}</UniqueIdentifier>
    </Filter>
    <Filter Include="资源文件">
      <UniqueIdentifier>{11e52d1e-e812-49c7-ab30-25c0f4bdb67b}</UniqueIdentifier>
    </Filter>
  </ItemGroup>
</Project>